
Microsoft Visual Studio Solution File, Format Version 12.00
# Visual Studio Version 16
VisualStudioVersion = 16.0.30711.63
MinimumVisualStudioVersion = 10.0.40219.1
Project("{FAE04EC0-301F-11D3-BF4B-00C04F79EFBC}") = "Ejercicio1", "Ejercicio1.csproj", "{1F42EA4D-6309-48DC-BD45-D6680A88CBC4}"
EndProject
Global
	GlobalSection(SolutionConfigurationPlatforms) = preSolution
		Debug|Any CPU = Debug|Any CPU
		Release|Any CPU = Release|Any CPU
	EndGlobalSection
	GlobalSection(ProjectConfigurationPlatforms) = postSolution
		{1F42EA4D-6309-48DC-BD45-D6680A88CBC4}.Debug|Any CPU.ActiveCfg = Debug|Any CPU
		{1F42EA4D-6309-48DC-BD45-D6680A88CBC4}.Debug|Any CPU.Build.0 = Debug|Any CPU
		{1F42EA4D-6309-48DC-BD45-D6680A88CBC4}.Release|Any CPU.ActiveCfg = Release|Any CPU
		{1F42EA4D-6309-48DC-BD45-D6680A88CBC4}.Release|Any CPU.Build.0 = Release|Any CPU
	EndGlobalSection
	GlobalSection(SolutionProperties) = preSolution
		HideSolutionNode = FALSE
	EndGlobalSection
	GlobalSection(ExtensibilityGlobals) = postSolution
		SolutionGuid = {16935625-5608-4270-AFF5-26501E714A34}
	EndGlobalSection
EndGlobal
